Microsoft Visual Studio Solution File, Format Version 12.00
# Visual Studio Version 17
VisualStudioVersion = 17.5.2.0
MinimumVisualStudioVersion = 10.0.40219.1
Project("{FAE04EC0-301F-11D3-BF4B-00C04F79EFBC}") = "InGameAssistant", "InGameAssistant.csproj", "{6DFC3ED7-AD84-146E-2411-7C30C3042F3F}"
EndProject
Global
	GlobalSection(SolutionConfigurationPlatforms) = preSolution
		Debug|Any CPU = Debug|Any CPU
		Release|Any CPU = Release|Any CPU
	EndGlobalSection
	GlobalSection(ProjectConfigurationPlatforms) = postSolution
		{6DFC3ED7-AD84-146E-2411-7C30C3042F3F}.Debug|Any CPU.ActiveCfg = Debug|Any CPU
		{6DFC3ED7-AD84-146E-2411-7C30C3042F3F}.Debug|Any CPU.Build.0 = Debug|Any CPU
		{6DFC3ED7-AD84-146E-2411-7C30C3042F3F}.Release|Any CPU.ActiveCfg = Release|Any CPU
		{6DFC3ED7-AD84-146E-2411-7C30C3042F3F}.Release|Any CPU.Build.0 = Release|Any CPU
	EndGlobalSection
	GlobalSection(SolutionProperties) = preSolution
		HideSolutionNode = FALSE
	EndGlobalSection
	GlobalSection(ExtensibilityGlobals) = postSolution
		SolutionGuid = {51FF6D6D-DB8E-4A23-A7AC-DDB2BFDFAE82}
	EndGlobalSection
EndGlobal
